{
  "name": "11-04-22-node",
  "version": "1.0.0",
  "lockfileVersion": 2,
  "requires": true,
  "packages": {
    "": {
      "name": "11-04-22-node",
      "version": "1.0.0",
      "license": "ISC",
      "dependencies": {
        "fs-node": "^1.0.1"
      }
    },
    "node_modules/fs-node": {
      "version": "1.0.1",
      "resolved": "https://registry.npmjs.org/fs-node/-/fs-node-1.0.1.tgz",
      "integrity": "sha1-hrIgIgpbwGpz14r8kWMjnbshAas=",
      "engines": {
        "node": ">=4.0.0"
      }
    }
  },
  "dependencies": {
    "fs-node": {
      "version": "1.0.1",
      "resolved": "https://registry.npmjs.org/fs-node/-/fs-node-1.0.1.tgz",
      "integrity": "sha1-hrIgIgpbwGpz14r8kWMjnbshAas="
    }
  }
}
